// !$*UTF8*$!
{
	archiveVersion = 1;
	classes = {
	};
	objectVersion = 46;
	objects = {

/* Begin PBXBuildFile section */
		DE4A7CAF1E19A3DF00CB8D31 /* main.m in Sources */ = {isa = PBXBuildFile; fileRef = DE4A7CAE1E19A3DF00CB8D31 /* main.m */; };
		DE4A7CB21E19A3DF00CB8D31 /* AppDelegate.m in Sources */ = {isa = PBXBuildFile; fileRef = DE4A7CB11E19A3DF00CB8D31 /* AppDelegate.m */; };
		DE4A7CB51E19A3DF00CB8D31 /* ClocksViewController.m in Sources */ = {isa = PBXBuildFile; fileRef = DE4A7CB41E19A3DF00CB8D31 /* ClocksViewController.m */; };
		DE4A7CB81E19A3DF00CB8D31 /* Main.storyboard in Resources */ = {isa = PBXBuildFile; fileRef = DE4A7CB61E19A3DF00CB8D31 /* Main.storyboard */; };
		DE4A7CBA1E19A3DF00CB8D31 /* Assets.xcassets in Resources */ = {isa = PBXBuildFile; fileRef = DE4A7CB91E19A3DF00CB8D31 /* Assets.xcassets */; };
		DE4A7CC31E19AE4F00CB8D31 /* ClockKit.m in Sources */ = {isa = PBXBuildFile; fileRef = DE4A7CC21E19AE4F00CB8D31 /* ClockKit.m */; };
		DE4A7CC61E19AE7000CB8D31 /* NormalClockView.m in Sources */ = {isa = PBXBuildFile; fileRef = DE4A7CC51E19AE7000CB8D31 /* NormalClockView.m */; };
		DE4A7CC91E1A5EAA00CB8D31 /* LEDClockView.m in Sources */ = {isa = PBXBuildFile; fileRef = DE4A7CC81E1A5EAA00CB8D31 /* LEDClockView.m */; };
		DE4A7CCC1E1A672B00CB8D31 /* LEDDigitView.m in Sources */ = {isa = PBXBuildFile; fileRef = DE4A7CCB1E1A672B00CB8D31 /* LEDDigitView.m */; };
/* End PBXBuildFile section */

/* Begin PBXFileReference section */
		DE4A7CAA1E19A3DF00CB8D31 /* WallClock.app */ = {isa = PBXFileReference; explicitFileType = wrapper.application; includeInIndex = 0; path = WallClock.app; sourceTree = BUILT_PRODUCTS_DIR; };
		DE4A7CAE1E19A3DF00CB8D31 /* main.m */ = {isa = PBXFileReference; lastKnownFileType = sourcecode.c.objc; path = main.m; sourceTree = "<group>"; };
		DE4A7CB01E19A3DF00CB8D31 /* AppDelegate.h */ = {isa = PBXFileReference; lastKnownFileType = sourcecode.c.h; path = AppDelegate.h; sourceTree = "<group>"; };
		DE4A7CB11E19A3DF00CB8D31 /* AppDelegate.m */ = {isa = PBXFileReference; lastKnownFileType = sourcecode.c.objc; path = AppDelegate.m; sourceTree = "<group>"; };
		DE4A7CB31E19A3DF00CB8D31 /* ClocksViewController.h */ = {isa = PBXFileReference; lastKnownFileType = sourcecode.c.h; path = ClocksViewController.h; sourceTree = "<group>"; };
		DE4A7CB41E19A3DF00CB8D31 /* ClocksViewController.m */ = {isa = PBXFileReference; lastKnownFileType = sourcecode.c.objc; path = ClocksViewController.m; sourceTree = "<group>"; };
		DE4A7CB71E19A3DF00CB8D31 /* Base */ = {isa = PBXFileReference; lastKnownFileType = file.storyboard; name = Base; path = Base.lproj/Main.storyboard; sourceTree = "<group>"; };
		DE4A7CB91E19A3DF00CB8D31 /* Assets.xcassets */ = {isa = PBXFileReference; lastKnownFileType = folder.assetcatalog; path = Assets.xcassets; sourceTree = "<group>"; };
		DE4A7CBB1E19A3DF00CB8D31 /* Info.plist */ = {isa = PBXFileReference; lastKnownFileType = text.plist.xml; path = Info.plist; sourceTree = "<group>"; };
		DE4A7CC11E19AE4F00CB8D31 /* ClockKit.h */ = {isa = PBXFileReference; fileEncoding = 4; lastKnownFileType = sourcecode.c.h; path = ClockKit.h; sourceTree = "<group>"; };
		DE4A7CC21E19AE4F00CB8D31 /* ClockKit.m */ = {isa = PBXFileReference; fileEncoding = 4; lastKnownFileType = sourcecode.c.objc; path = ClockKit.m; sourceTree = "<group>"; };
		DE4A7CC41E19AE6F00CB8D31 /* NormalClockView.h */ = {isa = PBXFileReference; fileEncoding = 4; lastKnownFileType = sourcecode.c.h; path = NormalClockView.h; sourceTree = "<group>"; };
		DE4A7CC51E19AE7000CB8D31 /* NormalClockView.m */ = {isa = PBXFileReference; fileEncoding = 4; lastKnownFileType = sourcecode.c.objc; path = NormalClockView.m; sourceTree = "<group>"; };
		DE4A7CC71E1A5EAA00CB8D31 /* LEDClockView.h */ = {isa = PBXFileReference; fileEncoding = 4; lastKnownFileType = sourcecode.c.h; path = LEDClockView.h; sourceTree = "<group>"; };
		DE4A7CC81E1A5EAA00CB8D31 /* LEDClockView.m */ = {isa = PBXFileReference; fileEncoding = 4; lastKnownFileType = sourcecode.c.objc; path = LEDClockView.m; sourceTree = "<group>"; };
		DE4A7CCA1E1A672B00CB8D31 /* LEDDigitView.h */ = {isa = PBXFileReference; fileEncoding = 4; lastKnownFileType = sourcecode.c.h; path = LEDDigitView.h; sourceTree = "<group>"; };
		DE4A7CCB1E1A672B00CB8D31 /* LEDDigitView.m */ = {isa = PBXFileReference; fileEncoding = 4; lastKnownFileType = sourcecode.c.objc; path = LEDDigitView.m; sourceTree = "<group>"; };
/* End PBXFileReference section */

/* Begin PBXFrameworksBuildPhase section */
		DE4A7CA71E19A3DF00CB8D31 /* Frameworks */ = {
			isa = PBXFrameworksBuildPhase;
			buildActionMask = 2147483647;
			files = (
			);
			runOnlyForDeploymentPostprocessing = 0;
		};
/* End PBXFrameworksBuildPhase section */

/* Begin PBXGroup section */
		DE4A7CA11E19A3DF00CB8D31 = {
			isa = PBXGroup;
			children = (
				DE4A7CAC1E19A3DF00CB8D31 /* WallClock */,
				DE4A7CAB1E19A3DF00CB8D31 /* Products */,
			);
			sourceTree = "<group>";
		};
		DE4A7CAB1E19A3DF00CB8D31 /* Products */ = {
			isa = PBXGroup;
			children = (
				DE4A7CAA1E19A3DF00CB8D31 /* WallClock.app */,
			);
			name = Products;
			sourceTree = "<group>";
		};
		DE4A7CAC1E19A3DF00CB8D31 /* WallClock */ = {
			isa = PBXGroup;
			children = (
				DE4A7CB01E19A3DF00CB8D31 /* AppDelegate.h */,
				DE4A7CB11E19A3DF00CB8D31 /* AppDelegate.m */,
				DE4A7CB31E19A3DF00CB8D31 /* ClocksViewController.h */,
				DE4A7CB41E19A3DF00CB8D31 /* ClocksViewController.m */,
				DE4A7CC71E1A5EAA00CB8D31 /* LEDClockView.h */,
				DE4A7CC81E1A5EAA00CB8D31 /* LEDClockView.m */,
				DE4A7CCA1E1A672B00CB8D31 /* LEDDigitView.h */,
				DE4A7CCB1E1A672B00CB8D31 /* LEDDigitView.m */,
				DE4A7CC41E19AE6F00CB8D31 /* NormalClockView.h */,
				DE4A7CC51E19AE7000CB8D31 /* NormalClockView.m */,
				DE4A7CC11E19AE4F00CB8D31 /* ClockKit.h */,
				DE4A7CC21E19AE4F00CB8D31 /* ClockKit.m */,
				DE4A7CB61E19A3DF00CB8D31 /* Main.storyboard */,
				DE4A7CB91E19A3DF00CB8D31 /* Assets.xcassets */,
				DE4A7CBB1E19A3DF00CB8D31 /* Info.plist */,
				DE4A7CAD1E19A3DF00CB8D31 /* Supporting Files */,
			);
			path = WallClock;
			sourceTree = "<group>";
		};
		DE4A7CAD1E19A3DF00CB8D31 /* Supporting Files */ = {
			isa = PBXGroup;
			children = (
				DE4A7CAE1E19A3DF00CB8D31 /* main.m */,
			);
			name = "Supporting Files";
			sourceTree = "<group>";
		};
/* End PBXGroup section */

/* Begin PBXNativeTarget section */
		DE4A7CA91E19A3DF00CB8D31 /* WallClock */ = {
			isa = PBXNativeTarget;
			buildConfigurationList = DE4A7CBE1E19A3DF00CB8D31 /* Build configuration list for PBXNativeTarget "WallClock" */;
			buildPhases = (
				DE4A7CA61E19A3DF00CB8D31 /* Sources */,
				DE4A7CA71E19A3DF00CB8D31 /* Frameworks */,
				DE4A7CA81E19A3DF00CB8D31 /* Resources */,
			);
			buildRules = (
			);
			dependencies = (
			);
			name = WallClock;
			productName = WallClock;
			productReference = DE4A7CAA1E19A3DF00CB8D31 /* WallClock.app */;
			productType = "com.apple.product-type.application";
		};
/* End PBXNativeTarget section */

/* Begin PBXProject section */
		DE4A7CA21E19A3DF00CB8D31 /* Project object */ = {
			isa = PBXProject;
			attributes = {
				LastUpgradeCheck = 0820;
				ORGANIZATIONNAME = "Oliver Michalak";
				TargetAttributes = {
					DE4A7CA91E19A3DF00CB8D31 = {
						CreatedOnToolsVersion = 8.2.1;
						DevelopmentTeam = 6ZU459JA6J;
						ProvisioningStyle = Automatic;
					};
				};
			};
			buildConfigurationList = DE4A7CA51E19A3DF00CB8D31 /* Build configuration list for PBXProject "WallClock" */;
			compatibilityVersion = "Xcode 3.2";
			developmentRegion = English;
			hasScannedForEncodings = 0;
			knownRegions = (
				en,
				Base,
			);
			mainGroup = DE4A7CA11E19A3DF00CB8D31;
			productRefGroup = DE4A7CAB1E19A3DF00CB8D31 /* Products */;
			projectDirPath = "";
			projectRoot = "";
			targets = (
				DE4A7CA91E19A3DF00CB8D31 /* WallClock */,
			);
		};
/* End PBXProject section */

/* Begin PBXResourcesBuildPhase section */
		DE4A7CA81E19A3DF00CB8D31 /* Resources */ = {
			isa = PBXResourcesBuildPhase;
			buildActionMask = 2147483647;
			files = (
				DE4A7CBA1E19A3DF00CB8D31 /* Assets.xcassets in Resources */,
				DE4A7CB81E19A3DF00CB8D31 /* Main.storyboard in Resources */,
			);
			runOnlyForDeploymentPostprocessing = 0;
		};
/* End PBXResourcesBuildPhase section */

/* Begin PBXSourcesBuildPhase section */
		DE4A7CA61E19A3DF00CB8D31 /* Sources */ = {
			isa = PBXSourcesBuildPhase;
			buildActionMask = 2147483647;
			files = (
				DE4A7CB51E19A3DF00CB8D31 /* ClocksViewController.m in Sources */,
				DE4A7CC31E19AE4F00CB8D31 /* ClockKit.m in Sources */,
				DE4A7CB21E19A3DF00CB8D31 /* AppDelegate.m in Sources */,
				DE4A7CAF1E19A3DF00CB8D31 /* main.m in Sources */,
				DE4A7CCC1E1A672B00CB8D31 /* LEDDigitView.m in Sources */,
				DE4A7CC61E19AE7000CB8D31 /* NormalClockView.m in Sources */,
				DE4A7CC91E1A5EAA00CB8D31 /* LEDClockView.m in Sources */,
			);
			runOnlyForDeploymentPostprocessing = 0;
		};
/* End PBXSourcesBuildPhase section */

/* Begin PBXVariantGroup section */
		DE4A7CB61E19A3DF00CB8D31 /* Main.storyboard */ = {
			isa = PBXVariantGroup;
			children = (
				DE4A7CB71E19A3DF00CB8D31 /* Base */,
			);
			name = Main.storyboard;
			sourceTree = "<group>";
		};
/* End PBXVariantGroup section */

/* Begin XCBuildConfiguration section */
		DE4A7CBC1E19A3DF00CB8D31 /* Debug */ = {
			isa = XCBuildConfiguration;
			buildSettings = {
				ALWAYS_SEARCH_USER_PATHS = NO;
				CLANG_ANALYZER_NONNULL = YES;
				CLANG_CXX_LANGUAGE_STANDARD = "gnu++0x";
				CLANG_CXX_LIBRARY = "libc++";
				CLANG_ENABLE_MODULES = YES;
				CLANG_ENABLE_OBJC_ARC = YES;
				CLANG_WARN_BOOL_CONVERSION = YES;
				CLANG_WARN_CONSTANT_CONVERSION = YES;
				CLANG_WARN_DIRECT_OBJC_ISA_USAGE = YES_ERROR;
				CLANG_WARN_DOCUMENTATION_COMMENTS = YES;
				CLANG_WARN_EMPTY_BODY = YES;
				CLANG_WARN_ENUM_CONVERSION = YES;
				CLANG_WARN_INFINITE_RECURSION = YES;
				CLANG_WARN_INT_CONVERSION = YES;
				CLANG_WARN_OBJC_ROOT_CLASS = YES_ERROR;
				CLANG_WARN_SUSPICIOUS_MOVE = YES;
				CLANG_WARN_UNREACHABLE_CODE = YES;
				CLANG_WARN__DUPLICATE_METHOD_MATCH = YES;
				COPY_PHASE_STRIP = NO;
				DEBUG_INFORMATION_FORMAT = dwarf;
				ENABLE_STRICT_OBJC_MSGSEND = YES;
				ENABLE_TESTABILITY = YES;
				GCC_C_LANGUAGE_STANDARD = gnu99;
				GCC_DYNAMIC_NO_PIC = NO;
				GCC_NO_COMMON_BLOCKS = YES;
				GCC_OPTIMIZATION_LEVEL = 0;
				GCC_PREPROCESSOR_DEFINITIONS = (
					"DEBUG=1",
					"$(inherited)",
				);
				GCC_WARN_64_TO_32_BIT_CONVERSION = YES;
				GCC_WARN_ABOUT_RETURN_TYPE = YES_ERROR;
				GCC_WARN_UNDECLARED_SELECTOR = YES;
				GCC_WARN_UNINITIALIZED_AUTOS = YES_AGGRESSIVE;
				GCC_WARN_UNUSED_FUNCTION = YES;
				GCC_WARN_UNUSED_VARIABLE = YES;
				MTL_ENABLE_DEBUG_INFO = YES;
				ONLY_ACTIVE_ARCH = YES;
				SDKROOT = appletvos;
				TARGETED_DEVICE_FAMILY = 3;
				TVOS_DEPLOYMENT_TARGET = 10.1;
			};
			name = Debug;
		};
		DE4A7CBD1E19A3DF00CB8D31 /* Release */ = {
			isa = XCBuildConfiguration;
			buildSettings = {
				ALWAYS_SEARCH_USER_PATHS = NO;
				CLANG_ANALYZER_NONNULL = YES;
				CLANG_CXX_LANGUAGE_STANDARD = "gnu++0x";
				CLANG_CXX_LIBRARY = "libc++";
				CLANG_ENABLE_MODULES = YES;
				CLANG_ENABLE_OBJC_ARC = YES;
				CLANG_WARN_BOOL_CONVERSION = YES;
				CLANG_WARN_CONSTANT_CONVERSION = YES;
				CLANG_WARN_DIRECT_OBJC_ISA_USAGE = YES_ERROR;
				CLANG_WARN_DOCUMENTATION_COMMENTS = YES;
				CLANG_WARN_EMPTY_BODY = YES;
				CLANG_WARN_ENUM_CONVERSION = YES;
				CLANG_WARN_INFINITE_RECURSION = YES;
				CLANG_WARN_INT_CONVERSION = YES;
				CLANG_WARN_OBJC_ROOT_CLASS = YES_ERROR;
				CLANG_WARN_SUSPICIOUS_MOVE = YES;
				CLANG_WARN_UNREACHABLE_CODE = YES;
				CLANG_WARN__DUPLICATE_METHOD_MATCH = YES;
				COPY_PHASE_STRIP = NO;
				DEBUG_INFORMATION_FORMAT = "dwarf-with-dsym";
				ENABLE_NS_ASSERTIONS = NO;
				ENABLE_STRICT_OBJC_MSGSEND = YES;
				GCC_C_LANGUAGE_STANDARD = gnu99;
				GCC_NO_COMMON_BLOCKS = YES;
				GCC_WARN_64_TO_32_BIT_CONVERSION = YES;
				GCC_WARN_ABOUT_RETURN_TYPE = YES_ERROR;
				GCC_WARN_UNDECLARED_SELECTOR = YES;
				GCC_WARN_UNINITIALIZED_AUTOS = YES_AGGRESSIVE;
				GCC_WARN_UNUSED_FUNCTION = YES;
				GCC_WARN_UNUSED_VARIABLE = YES;
				MTL_ENABLE_DEBUG_INFO = NO;
				SDKROOT = appletvos;
				TARGETED_DEVICE_FAMILY = 3;
				TVOS_DEPLOYMENT_TARGET = 10.1;
				VALIDATE_PRODUCT = YES;
			};
			name = Release;
		};
		DE4A7CBF1E19A3DF00CB8D31 /* Debug */ = {
			isa = XCBuildConfiguration;
			buildSettings = {
				ASSETCATALOG_COMPILER_APPICON_NAME = "App Icon & Top Shelf Image";
				ASSETCATALOG_COMPILER_LAUNCHIMAGE_NAME = LaunchImage;
				DEVELOPMENT_TEAM = 6ZU459JA6J;
				INFOPLIST_FILE = WallClock/Info.plist;
				LD_RUNPATH_SEARCH_PATHS = "$(inherited) @executable_path/Frameworks";
				PRODUCT_BUNDLE_IDENTIFIER = com.werk01.WallClock;
				PRODUCT_NAME = "$(TARGET_NAME)";
			};
			name = Debug;
		};
		DE4A7CC01E19A3DF00CB8D31 /* Release */ = {
			isa = XCBuildConfiguration;
			buildSettings = {
				ASSETCATALOG_COMPILER_APPICON_NAME = "App Icon & Top Shelf Image";
				ASSETCATALOG_COMPILER_LAUNCHIMAGE_NAME = LaunchImage;
				DEVELOPMENT_TEAM = 6ZU459JA6J;
				INFOPLIST_FILE = WallClock/Info.plist;
				LD_RUNPATH_SEARCH_PATHS = "$(inherited) @executable_path/Frameworks";
				PRODUCT_BUNDLE_IDENTIFIER = com.werk01.WallClock;
				PRODUCT_NAME = "$(TARGET_NAME)";
			};
			name = Release;
		};
/* End XCBuildConfiguration section */

/* Begin XCConfigurationList section */
		DE4A7CA51E19A3DF00CB8D31 /* Build configuration list for PBXProject "WallClock" */ = {
			isa = XCConfigurationList;
			buildConfigurations = (
				DE4A7CBC1E19A3DF00CB8D31 /* Debug */,
				DE4A7CBD1E19A3DF00CB8D31 /* Release */,
			);
			defaultConfigurationIsVisible = 0;
			defaultConfigurationName = Release;
		};
		DE4A7CBE1E19A3DF00CB8D31 /* Build configuration list for PBXNativeTarget "WallClock" */ = {
			isa = XCConfigurationList;
			buildConfigurations = (
				DE4A7CBF1E19A3DF00CB8D31 /* Debug */,
				DE4A7CC01E19A3DF00CB8D31 /* Release */,
			);
			defaultConfigurationIsVisible = 0;
			defaultConfigurationName = Release;
		};
/* End XCConfigurationList section */
	};
	rootObject = DE4A7CA21E19A3DF00CB8D31 /* Project object */;
}
